
Microsoft Visual Studio Solution File, Format Version 12.00
# Visual Studio Version 17
VisualStudioVersion = 17.0.31903.59
MinimumVisualStudioVersion = 10.0.40219.1
Project("{FAE04EC0-301F-11D3-BF4B-00C04F79EFBC}") = "BoogieDriver", "BoogieDriver\BoogieDriver.csproj", "{56D4119C-A449-4F36-8C1A-DB9374EC4E54}"
EndProject
Project("{FAE04EC0-301F-11D3-BF4B-00C04F79EFBC}") = "AbstractInterpretation", "AbstractInterpretation\AbstractInterpretation.csproj", "{5F553CBB-40D2-4B1F-AB2D-BDD332B4C854}"
EndProject
Project("{2150E333-8FDC-42A3-9474-1A3956D46DE8}") = "Provers", "Provers", "{7AE7623E-C260-4099-82E4-EE5F103EC432}"
EndProject
Project("{FAE04EC0-301F-11D3-BF4B-00C04F79EFBC}") = "SMTLib", "Provers\SMTLib\SMTLib.csproj", "{A430D367-9DEE-45E7-93AE-9EA743325335}"
EndProject
Project("{FAE04EC0-301F-11D3-BF4B-00C04F79EFBC}") = "VCGeneration", "VCGeneration\VCGeneration.csproj", "{AB25708B-C5E9-4435-8C82-43405A89CABA}"
EndProject
Project("{FAE04EC0-301F-11D3-BF4B-00C04F79EFBC}") = "VCExpr", "VCExpr\VCExpr.csproj", "{9F47DA1F-6CB0-4E65-B67C-09206376FEAF}"
EndProject
Project("{FAE04EC0-301F-11D3-BF4B-00C04F79EFBC}") = "Core", "Core\Core.csproj", "{F48EF0FD-BAFD-46DD-B639-A61F16FBD275}"
EndProject
Project("{FAE04EC0-301F-11D3-BF4B-00C04F79EFBC}") = "Graph", "Graph\Graph.csproj", "{3C1F665D-5D2E-4D57-AAB4-2500FEA7DA58}"
EndProject
Project("{FAE04EC0-301F-11D3-BF4B-00C04F79EFBC}") = "BaseTypes", "BaseTypes\BaseTypes.csproj", "{07FF557C-AC29-49FC-B716-0B354D95070C}"
EndProject
Project("{FAE04EC0-301F-11D3-BF4B-00C04F79EFBC}") = "CodeContractsExtender", "CodeContractsExtender\CodeContractsExtender.csproj", "{DADD6867-BEFB-4355-9F5A-AC190DE251F7}"
EndProject
Project("{FAE04EC0-301F-11D3-BF4B-00C04F79EFBC}") = "Model", "Model\Model.csproj", "{6A545B5D-A6F2-4DE3-8551-E2DFED874BEF}"
EndProject
Project("{FAE04EC0-301F-11D3-BF4B-00C04F79EFBC}") = "Houdini", "Houdini\Houdini.csproj", "{49EB704F-3CF9-45E2-8855-E33999E5DC3F}"
EndProject
Project("{FAE04EC0-301F-11D3-BF4B-00C04F79EFBC}") = "ExecutionEngine", "ExecutionEngine\ExecutionEngine.csproj", "{CAE5BCED-5774-4034-A9FE-718106C0FB09}"
EndProject
Project("{FAE04EC0-301F-11D3-BF4B-00C04F79EFBC}") = "Concurrency", "Concurrency\Concurrency.csproj", "{3C1EEB5D-1A9A-467D-8504-0D7E82D19C8C}"
EndProject
Project("{2150E333-8FDC-42A3-9474-1A3956D46DE8}") = "UnitTests", "UnitTests", "{AEEE076C-A1AB-48B5-86D1-8C77B667D0A3}"
EndProject
Project("{FAE04EC0-301F-11D3-BF4B-00C04F79EFBC}") = "TestUtil", "UnitTests\TestUtil\TestUtil.csproj", "{6B8E0104-51BE-440D-8FAC-4AE6F4175583}"
EndProject
Project("{FAE04EC0-301F-11D3-BF4B-00C04F79EFBC}") = "BaseTypesTests", "UnitTests\BaseTypesTests\BaseTypesTests.csproj", "{E45C894F-565D-4510-BEA2-2AA0D8FCD07F}"
EndProject
Project("{FAE04EC0-301F-11D3-BF4B-00C04F79EFBC}") = "CoreTests", "UnitTests\CoreTests\CoreTests.csproj", "{4E01BC92-9F0C-4C79-8E70-241C3410AE7A}"
EndProject
Project("{FAE04EC0-301F-11D3-BF4B-00C04F79EFBC}") = "ExecutionEngineTests", "UnitTests\ExecutionEngineTests\ExecutionEngineTests.csproj", "{303925EF-5D00-400C-9E58-B6ADA955059E}"
EndProject
Project("{FAE04EC0-301F-11D3-BF4B-00C04F79EFBC}") = "LeanAuto", "Provers\LeanAuto\LeanAuto.csproj", "{DDFD9651-9ED2-4608-B8EC-90190C7A0815}"
EndProject
Global
	GlobalSection(SolutionConfigurationPlatforms) = preSolution
		Debug|Any CPU = Debug|Any CPU
		Release|Any CPU = Release|Any CPU
	EndGlobalSection
	GlobalSection(SolutionProperties) = preSolution
		HideSolutionNode = FALSE
	EndGlobalSection
	GlobalSection(ProjectConfigurationPlatforms) = postSolution
		{56D4119C-A449-4F36-8C1A-DB9374EC4E54}.Debug|Any CPU.ActiveCfg = Debug|Any CPU
		{56D4119C-A449-4F36-8C1A-DB9374EC4E54}.Debug|Any CPU.Build.0 = Debug|Any CPU
		{56D4119C-A449-4F36-8C1A-DB9374EC4E54}.Release|Any CPU.ActiveCfg = Release|Any CPU
		{56D4119C-A449-4F36-8C1A-DB9374EC4E54}.Release|Any CPU.Build.0 = Release|Any CPU
		{5F553CBB-40D2-4B1F-AB2D-BDD332B4C854}.Debug|Any CPU.ActiveCfg = Debug|Any CPU
		{5F553CBB-40D2-4B1F-AB2D-BDD332B4C854}.Debug|Any CPU.Build.0 = Debug|Any CPU
		{5F553CBB-40D2-4B1F-AB2D-BDD332B4C854}.Release|Any CPU.ActiveCfg = Release|Any CPU
		{5F553CBB-40D2-4B1F-AB2D-BDD332B4C854}.Release|Any CPU.Build.0 = Release|Any CPU
		{A430D367-9DEE-45E7-93AE-9EA743325335}.Debug|Any CPU.ActiveCfg = Debug|Any CPU
		{A430D367-9DEE-45E7-93AE-9EA743325335}.Debug|Any CPU.Build.0 = Debug|Any CPU
		{A430D367-9DEE-45E7-93AE-9EA743325335}.Release|Any CPU.ActiveCfg = Release|Any CPU
		{A430D367-9DEE-45E7-93AE-9EA743325335}.Release|Any CPU.Build.0 = Release|Any CPU
		{AB25708B-C5E9-4435-8C82-43405A89CABA}.Debug|Any CPU.ActiveCfg = Debug|Any CPU
		{AB25708B-C5E9-4435-8C82-43405A89CABA}.Debug|Any CPU.Build.0 = Debug|Any CPU
		{AB25708B-C5E9-4435-8C82-43405A89CABA}.Release|Any CPU.ActiveCfg = Release|Any CPU
		{AB25708B-C5E9-4435-8C82-43405A89CABA}.Release|Any CPU.Build.0 = Release|Any CPU
		{9F47DA1F-6CB0-4E65-B67C-09206376FEAF}.Debug|Any CPU.ActiveCfg = Debug|Any CPU
		{9F47DA1F-6CB0-4E65-B67C-09206376FEAF}.Debug|Any CPU.Build.0 = Debug|Any CPU
		{9F47DA1F-6CB0-4E65-B67C-09206376FEAF}.Release|Any CPU.ActiveCfg = Release|Any CPU
		{9F47DA1F-6CB0-4E65-B67C-09206376FEAF}.Release|Any CPU.Build.0 = Release|Any CPU
		{F48EF0FD-BAFD-46DD-B639-A61F16FBD275}.Debug|Any CPU.ActiveCfg = Debug|Any CPU
		{F48EF0FD-BAFD-46DD-B639-A61F16FBD275}.Debug|Any CPU.Build.0 = Debug|Any CPU
		{F48EF0FD-BAFD-46DD-B639-A61F16FBD275}.Release|Any CPU.ActiveCfg = Release|Any CPU
		{F48EF0FD-BAFD-46DD-B639-A61F16FBD275}.Release|Any CPU.Build.0 = Release|Any CPU
		{3C1F665D-5D2E-4D57-AAB4-2500FEA7DA58}.Debug|Any CPU.ActiveCfg = Debug|Any CPU
		{3C1F665D-5D2E-4D57-AAB4-2500FEA7DA58}.Debug|Any CPU.Build.0 = Debug|Any CPU
		{3C1F665D-5D2E-4D57-AAB4-2500FEA7DA58}.Release|Any CPU.ActiveCfg = Release|Any CPU
		{3C1F665D-5D2E-4D57-AAB4-2500FEA7DA58}.Release|Any CPU.Build.0 = Release|Any CPU
		{07FF557C-AC29-49FC-B716-0B354D95070C}.Debug|Any CPU.ActiveCfg = Debug|Any CPU
		{07FF557C-AC29-49FC-B716-0B354D95070C}.Debug|Any CPU.Build.0 = Debug|Any CPU
		{07FF557C-AC29-49FC-B716-0B354D95070C}.Release|Any CPU.ActiveCfg = Release|Any CPU
		{07FF557C-AC29-49FC-B716-0B354D95070C}.Release|Any CPU.Build.0 = Release|Any CPU
		{DADD6867-BEFB-4355-9F5A-AC190DE251F7}.Debug|Any CPU.ActiveCfg = Debug|Any CPU
		{DADD6867-BEFB-4355-9F5A-AC190DE251F7}.Debug|Any CPU.Build.0 = Debug|Any CPU
		{DADD6867-BEFB-4355-9F5A-AC190DE251F7}.Release|Any CPU.ActiveCfg = Release|Any CPU
		{DADD6867-BEFB-4355-9F5A-AC190DE251F7}.Release|Any CPU.Build.0 = Release|Any CPU
		{6A545B5D-A6F2-4DE3-8551-E2DFED874BEF}.Debug|Any CPU.ActiveCfg = Debug|Any CPU
		{6A545B5D-A6F2-4DE3-8551-E2DFED874BEF}.Debug|Any CPU.Build.0 = Debug|Any CPU
		{6A545B5D-A6F2-4DE3-8551-E2DFED874BEF}.Release|Any CPU.ActiveCfg = Release|Any CPU
		{6A545B5D-A6F2-4DE3-8551-E2DFED874BEF}.Release|Any CPU.Build.0 = Release|Any CPU
		{49EB704F-3CF9-45E2-8855-E33999E5DC3F}.Debug|Any CPU.ActiveCfg = Debug|Any CPU
		{49EB704F-3CF9-45E2-8855-E33999E5DC3F}.Debug|Any CPU.Build.0 = Debug|Any CPU
		{49EB704F-3CF9-45E2-8855-E33999E5DC3F}.Release|Any CPU.ActiveCfg = Release|Any CPU
		{49EB704F-3CF9-45E2-8855-E33999E5DC3F}.Release|Any CPU.Build.0 = Release|Any CPU
		{CAE5BCED-5774-4034-A9FE-718106C0FB09}.Debug|Any CPU.ActiveCfg = Debug|Any CPU
		{CAE5BCED-5774-4034-A9FE-718106C0FB09}.Debug|Any CPU.Build.0 = Debug|Any CPU
		{CAE5BCED-5774-4034-A9FE-718106C0FB09}.Release|Any CPU.ActiveCfg = Release|Any CPU
		{CAE5BCED-5774-4034-A9FE-718106C0FB09}.Release|Any CPU.Build.0 = Release|Any CPU
		{3C1EEB5D-1A9A-467D-8504-0D7E82D19C8C}.Debug|Any CPU.ActiveCfg = Debug|Any CPU
		{3C1EEB5D-1A9A-467D-8504-0D7E82D19C8C}.Debug|Any CPU.Build.0 = Debug|Any CPU
		{3C1EEB5D-1A9A-467D-8504-0D7E82D19C8C}.Release|Any CPU.ActiveCfg = Release|Any CPU
		{3C1EEB5D-1A9A-467D-8504-0D7E82D19C8C}.Release|Any CPU.Build.0 = Release|Any CPU
		{6B8E0104-51BE-440D-8FAC-4AE6F4175583}.Debug|Any CPU.ActiveCfg = Debug|Any CPU
		{6B8E0104-51BE-440D-8FAC-4AE6F4175583}.Debug|Any CPU.Build.0 = Debug|Any CPU
		{6B8E0104-51BE-440D-8FAC-4AE6F4175583}.Release|Any CPU.ActiveCfg = Release|Any CPU
		{6B8E0104-51BE-440D-8FAC-4AE6F4175583}.Release|Any CPU.Build.0 = Release|Any CPU
		{E45C894F-565D-4510-BEA2-2AA0D8FCD07F}.Debug|Any CPU.ActiveCfg = Debug|Any CPU
		{E45C894F-565D-4510-BEA2-2AA0D8FCD07F}.Debug|Any CPU.Build.0 = Debug|Any CPU
		{E45C894F-565D-4510-BEA2-2AA0D8FCD07F}.Release|Any CPU.ActiveCfg = Release|Any CPU
		{E45C894F-565D-4510-BEA2-2AA0D8FCD07F}.Release|Any CPU.Build.0 = Release|Any CPU
		{4E01BC92-9F0C-4C79-8E70-241C3410AE7A}.Debug|Any CPU.ActiveCfg = Debug|Any CPU
		{4E01BC92-9F0C-4C79-8E70-241C3410AE7A}.Debug|Any CPU.Build.0 = Debug|Any CPU
		{4E01BC92-9F0C-4C79-8E70-241C3410AE7A}.Release|Any CPU.ActiveCfg = Release|Any CPU
		{4E01BC92-9F0C-4C79-8E70-241C3410AE7A}.Release|Any CPU.Build.0 = Release|Any CPU
		{303925EF-5D00-400C-9E58-B6ADA955059E}.Debug|Any CPU.ActiveCfg = Debug|Any CPU
		{303925EF-5D00-400C-9E58-B6ADA955059E}.Debug|Any CPU.Build.0 = Debug|Any CPU
		{303925EF-5D00-400C-9E58-B6ADA955059E}.Release|Any CPU.ActiveCfg = Release|Any CPU
		{303925EF-5D00-400C-9E58-B6ADA955059E}.Release|Any CPU.Build.0 = Release|Any CPU
		{DDFD9651-9ED2-4608-B8EC-90190C7A0815}.Debug|Any CPU.ActiveCfg = Debug|Any CPU
		{DDFD9651-9ED2-4608-B8EC-90190C7A0815}.Debug|Any CPU.Build.0 = Debug|Any CPU
		{DDFD9651-9ED2-4608-B8EC-90190C7A0815}.Release|Any CPU.ActiveCfg = Release|Any CPU
		{DDFD9651-9ED2-4608-B8EC-90190C7A0815}.Release|Any CPU.Build.0 = Release|Any CPU
	EndGlobalSection
	GlobalSection(NestedProjects) = preSolution
		{A430D367-9DEE-45E7-93AE-9EA743325335} = {7AE7623E-C260-4099-82E4-EE5F103EC432}
		{6B8E0104-51BE-440D-8FAC-4AE6F4175583} = {AEEE076C-A1AB-48B5-86D1-8C77B667D0A3}
		{E45C894F-565D-4510-BEA2-2AA0D8FCD07F} = {AEEE076C-A1AB-48B5-86D1-8C77B667D0A3}
		{4E01BC92-9F0C-4C79-8E70-241C3410AE7A} = {AEEE076C-A1AB-48B5-86D1-8C77B667D0A3}
		{303925EF-5D00-400C-9E58-B6ADA955059E} = {AEEE076C-A1AB-48B5-86D1-8C77B667D0A3}
		{DDFD9651-9ED2-4608-B8EC-90190C7A0815} = {7AE7623E-C260-4099-82E4-EE5F103EC432}
	EndGlobalSection
EndGlobal
